
Microsoft Visual Studio Solution File, Format Version 12.00
# Visual Studio Version 17
VisualStudioVersion = 17.0.31903.59
MinimumVisualStudioVersion = 10.0.40219.1
Project("{FAE04EC0-301F-11D3-BF4B-00C04F79EFBC}") = "RabbitMQ.Publisher", "RabbitMQ.Publisher\RabbitMQ.Publisher.csproj", "{CE6793AB-2BF8-4292-BB4E-AE4CE1976702}"
EndProject
Project("{FAE04EC0-301F-11D3-BF4B-00C04F79EFBC}") = "RabbitMQ.Consumer", "RabbitMQ.Consumer\RabbitMQ.Consumer.csproj", "{42C9DAE1-F9DE-4D5E-983B-68E6B6D26DAC}"
EndProject
Global
	GlobalSection(SolutionConfigurationPlatforms) = preSolution
		Debug|Any CPU = Debug|Any CPU
		Release|Any CPU = Release|Any CPU
	EndGlobalSection
	GlobalSection(SolutionProperties) = preSolution
		HideSolutionNode = FALSE
	EndGlobalSection
	GlobalSection(ProjectConfigurationPlatforms) = postSolution
		{CE6793AB-2BF8-4292-BB4E-AE4CE1976702}.Debug|Any CPU.ActiveCfg = Debug|Any CPU
		{CE6793AB-2BF8-4292-BB4E-AE4CE1976702}.Debug|Any CPU.Build.0 = Debug|Any CPU
		{CE6793AB-2BF8-4292-BB4E-AE4CE1976702}.Release|Any CPU.ActiveCfg = Release|Any CPU
		{CE6793AB-2BF8-4292-BB4E-AE4CE1976702}.Release|Any CPU.Build.0 = Release|Any CPU
		{42C9DAE1-F9DE-4D5E-983B-68E6B6D26DAC}.Debug|Any CPU.ActiveCfg = Debug|Any CPU
		{42C9DAE1-F9DE-4D5E-983B-68E6B6D26DAC}.Debug|Any CPU.Build.0 = Debug|Any CPU
		{42C9DAE1-F9DE-4D5E-983B-68E6B6D26DAC}.Release|Any CPU.ActiveCfg = Release|Any CPU
		{42C9DAE1-F9DE-4D5E-983B-68E6B6D26DAC}.Release|Any CPU.Build.0 = Release|Any CPU
	EndGlobalSection
EndGlobal
